{
    "_meta": {
        "hash": {
            "sha256": "3f61346127790d4ef94dbdbe33e61ba02a144298cfe151dea5dd1c0767eeee00"
        },
        "pipfile-spec": 6,
        "requires": {
            "python_version": "3.10"
        },
        "sources": [
            {
                "name": "pypi",
                "url": "https://pypi.org/simple",
                "verify_ssl": true
            }
        ]
    },
    "default": {
        "dynaconf": {
            "hashes": [
                "sha256:87e0b3b12b5db9e8fb465e1f8c7fdb926cd2ec5b6d88aa7f821f316df93fb165",
                "sha256:d9cfb50fd4a71a543fd23845d4f585b620b6ff6d9d3cc1825c614f7b2097cb39"
            ],
            "index": "pypi",
            "version": "==3.1.11"
        }
    },
    "develop": {}
}
